
Microsoft Visual Studio Solution File, Format Version 12.00
# Visual Studio Version 17
VisualStudioVersion = 17.5.002.0
MinimumVisualStudioVersion = 10.0.40219.1
Project("{2150E333-8FDC-42A3-9474-1A3956D46DE8}") = "dotnet", "dotnet", "{11C3F3DD-2A4C-4A37-AA8E-9A0ED7F9DC43}"
EndProject
Project("{9A19103F-16F7-4668-BE54-9A1E7A4F7556}") = "myWebApp", "src\myWebApp.csproj", "{C83E3D82-FF16-455D-B48C-4DAC8023871C}"
EndProject
Project("{9A19103F-16F7-4668-BE54-9A1E7A4F7556}") = "tests", "tests\tests.csproj", "{3797F376-A9D6-4D66-B3E8-CBB2E2DB1844}"
EndProject
Global
	GlobalSection(SolutionConfigurationPlatforms) = preSolution
		Debug|Any CPU = Debug|Any CPU
		Release|Any CPU = Release|Any CPU
	EndGlobalSection
	GlobalSection(ProjectConfigurationPlatforms) = postSolution
		{C83E3D82-FF16-455D-B48C-4DAC8023871C}.Debug|Any CPU.ActiveCfg = Debug|Any CPU
		{C83E3D82-FF16-455D-B48C-4DAC8023871C}.Debug|Any CPU.Build.0 = Debug|Any CPU
		{C83E3D82-FF16-455D-B48C-4DAC8023871C}.Release|Any CPU.ActiveCfg = Release|Any CPU
		{C83E3D82-FF16-455D-B48C-4DAC8023871C}.Release|Any CPU.Build.0 = Release|Any CPU
		{3797F376-A9D6-4D66-B3E8-CBB2E2DB1844}.Debug|Any CPU.ActiveCfg = Debug|Any CPU
		{3797F376-A9D6-4D66-B3E8-CBB2E2DB1844}.Debug|Any CPU.Build.0 = Debug|Any CPU
		{3797F376-A9D6-4D66-B3E8-CBB2E2DB1844}.Release|Any CPU.ActiveCfg = Release|Any CPU
		{3797F376-A9D6-4D66-B3E8-CBB2E2DB1844}.Release|Any CPU.Build.0 = Release|Any CPU
	EndGlobalSection
	GlobalSection(SolutionProperties) = preSolution
		HideSolutionNode = FALSE
	EndGlobalSection
	GlobalSection(NestedProjects) = preSolution
		{C83E3D82-FF16-455D-B48C-4DAC8023871C} = {11C3F3DD-2A4C-4A37-AA8E-9A0ED7F9DC43}
		{3797F376-A9D6-4D66-B3E8-CBB2E2DB1844} = {11C3F3DD-2A4C-4A37-AA8E-9A0ED7F9DC43}
	EndGlobalSection
	GlobalSection(ExtensibilityGlobals) = postSolution
		SolutionGuid = {27F8D32F-2B69-4BC7-9D33-9879E422D89B}
	EndGlobalSection
EndGlobal
